
Microsoft Visual Studio Solution File, Format Version 12.00
# Visual Studio 15
VisualStudioVersion = 15.0.27703.2035
MinimumVisualStudioVersion = 10.0.40219.1
Project("{FAE04EC0-301F-11D3-BF4B-00C04F79EFBC}") = "CSharpShell", "CSharpShell\CSharpShell.csproj", "{04193369-4714-4318-A1C5-28D03271C89C}"
EndProject
Global
	GlobalSection(SolutionConfigurationPlatforms) = preSolution
		Debug|Any CPU = Debug|Any CPU
		Release|Any CPU = Release|Any CPU
	EndGlobalSection
	GlobalSection(ProjectConfigurationPlatforms) = postSolution
		{04193369-4714-4318-A1C5-28D03271C89C}.Debug|Any CPU.ActiveCfg = Debug|Any CPU
		{04193369-4714-4318-A1C5-28D03271C89C}.Debug|Any CPU.Build.0 = Debug|Any CPU
		{04193369-4714-4318-A1C5-28D03271C89C}.Release|Any CPU.ActiveCfg = Release|Any CPU
		{04193369-4714-4318-A1C5-28D03271C89C}.Release|Any CPU.Build.0 = Release|Any CPU
	EndGlobalSection
	GlobalSection(SolutionProperties) = preSolution
		HideSolutionNode = FALSE
	EndGlobalSection
	GlobalSection(ExtensibilityGlobals) = postSolution
		SolutionGuid = {289143B5-55EA-4586-BFD0-52C17818C19D}
	EndGlobalSection
EndGlobal
